
Microsoft Visual Studio Solution File, Format Version 12.00
# Visual Studio Version 17
VisualStudioVersion = 17.3.32825.248
MinimumVisualStudioVersion = 10.0.40219.1
Project("{9A19103F-16F7-4668-BE54-9A1E7A4F7556}") = "GamerNet", "GamerNet\GamerNet.csproj", "{E6953611-FE49-49F5-AA39-C26D48625DA3}"
EndProject
Project("{9A19103F-16F7-4668-BE54-9A1E7A4F7556}") = "Identity_Core", "..\..\..\Identity_Core\Identity_Core\Identity_Core.csproj", "{6AFCC878-2CE2-40FE-AA32-5ABC16A2DA9D}"
EndProject
Global
	GlobalSection(SolutionConfigurationPlatforms) = preSolution
		Debug|Any CPU = Debug|Any CPU
		Release|Any CPU = Release|Any CPU
	EndGlobalSection
	GlobalSection(ProjectConfigurationPlatforms) = postSolution
		{E6953611-FE49-49F5-AA39-C26D48625DA3}.Debug|Any CPU.ActiveCfg = Debug|Any CPU
		{E6953611-FE49-49F5-AA39-C26D48625DA3}.Release|Any CPU.ActiveCfg = Release|Any CPU
		{E6953611-FE49-49F5-AA39-C26D48625DA3}.Release|Any CPU.Build.0 = Release|Any CPU
		{6AFCC878-2CE2-40FE-AA32-5ABC16A2DA9D}.Debug|Any CPU.ActiveCfg = Debug|Any CPU
		{6AFCC878-2CE2-40FE-AA32-5ABC16A2DA9D}.Debug|Any CPU.Build.0 = Debug|Any CPU
		{6AFCC878-2CE2-40FE-AA32-5ABC16A2DA9D}.Release|Any CPU.ActiveCfg = Release|Any CPU
		{6AFCC878-2CE2-40FE-AA32-5ABC16A2DA9D}.Release|Any CPU.Build.0 = Release|Any CPU
	EndGlobalSection
	GlobalSection(SolutionProperties) = preSolution
		HideSolutionNode = FALSE
	EndGlobalSection
	GlobalSection(ExtensibilityGlobals) = postSolution
		SolutionGuid = {23DFA633-13C8-4074-9E36-ED61C839CA45}
	EndGlobalSection
EndGlobal
